
Microsoft Visual Studio Solution File, Format Version 12.00
# Visual Studio Version 16
VisualStudioVersion = 16.0.31112.23
MinimumVisualStudioVersion = 10.0.40219.1
Project("{E24C65DC-7377-472B-9ABA-BC803B73C61A}") = "Yemek_Tarif_Sitesi", "Yemek_Tarif_Sitesi\", "{EFCA5D2D-A2F5-4C4D-8711-AA8438081C25}"
	ProjectSection(WebsiteProperties) = preProject
		TargetFrameworkMoniker = ".NETFramework,Version%3Dv4.7.2"
		Debug.AspNetCompiler.VirtualPath = "/localhost_50029"
		Debug.AspNetCompiler.PhysicalPath = "Yemek_Tarif_Sitesi\"
		Debug.AspNetCompiler.TargetPath = "PrecompiledWeb\localhost_50029\"
		Debug.AspNetCompiler.Updateable = "true"
		Debug.AspNetCompiler.ForceOverwrite = "true"
		Debug.AspNetCompiler.FixedNames = "false"
		Debug.AspNetCompiler.Debug = "True"
		Release.AspNetCompiler.VirtualPath = "/localhost_50029"
		Release.AspNetCompiler.PhysicalPath = "Yemek_Tarif_Sitesi\"
		Release.AspNetCompiler.TargetPath = "PrecompiledWeb\localhost_50029\"
		Release.AspNetCompiler.Updateable = "true"
		Release.AspNetCompiler.ForceOverwrite = "true"
		Release.AspNetCompiler.FixedNames = "false"
		Release.AspNetCompiler.Debug = "False"
		VWDPort = "50029"
		SlnRelativePath = "Yemek_Tarif_Sitesi\"
		DefaultWebSiteLanguage = "Visual C#"
	EndProjectSection
EndProject
Global
	GlobalSection(SolutionConfigurationPlatforms) = preSolution
		Debug|Any CPU = Debug|Any CPU
	EndGlobalSection
	GlobalSection(ProjectConfigurationPlatforms) = postSolution
		{EFCA5D2D-A2F5-4C4D-8711-AA8438081C25}.Debug|Any CPU.ActiveCfg = Debug|Any CPU
		{EFCA5D2D-A2F5-4C4D-8711-AA8438081C25}.Debug|Any CPU.Build.0 = Debug|Any CPU
	EndGlobalSection
	GlobalSection(SolutionProperties) = preSolution
		HideSolutionNode = FALSE
	EndGlobalSection
	GlobalSection(ExtensibilityGlobals) = postSolution
		SolutionGuid = {94EB9690-B228-436C-8A53-149FFE1218BC}
	EndGlobalSection
EndGlobal
